
Microsoft Visual Studio Solution File, Format Version 12.00
# Visual Studio 15
VisualStudioVersion = 15.0.26730.10
MinimumVisualStudioVersion = 10.0.40219.1
Project("{FAE04EC0-301F-11D3-BF4B-00C04F79EFBC}") = "MegaCardGame2k(HomeModel)", "MegaCardGame2k(HomeModel)\MegaCardGame2k(HomeModel).csproj", "{4D57DE30-30DE-4B4F-8086-839C6E1D001E}"
EndProject
Project("{FAE04EC0-301F-11D3-BF4B-00C04F79EFBC}") = "2kClasses", "2kClasses\2kClasses.csproj", "{36302CEF-A1AE-42E6-AE8A-ECE87C0DE506}"
EndProject
Project("{FAE04EC0-301F-11D3-BF4B-00C04F79EFBC}") = "2kTests", "2kTests\2kTests.csproj", "{7E650F8B-B8E4-41DF-A2BA-9E722CEEC4E2}"
EndProject
Global
	GlobalSection(SolutionConfigurationPlatforms) = preSolution
		Debug|Any CPU = Debug|Any CPU
		Release|Any CPU = Release|Any CPU
	EndGlobalSection
	GlobalSection(ProjectConfigurationPlatforms) = postSolution
		{4D57DE30-30DE-4B4F-8086-839C6E1D001E}.Debug|Any CPU.ActiveCfg = Debug|Any CPU
		{4D57DE30-30DE-4B4F-8086-839C6E1D001E}.Debug|Any CPU.Build.0 = Debug|Any CPU
		{4D57DE30-30DE-4B4F-8086-839C6E1D001E}.Release|Any CPU.ActiveCfg = Release|Any CPU
		{4D57DE30-30DE-4B4F-8086-839C6E1D001E}.Release|Any CPU.Build.0 = Release|Any CPU
		{36302CEF-A1AE-42E6-AE8A-ECE87C0DE506}.Debug|Any CPU.ActiveCfg = Debug|Any CPU
		{36302CEF-A1AE-42E6-AE8A-ECE87C0DE506}.Debug|Any CPU.Build.0 = Debug|Any CPU
		{36302CEF-A1AE-42E6-AE8A-ECE87C0DE506}.Release|Any CPU.ActiveCfg = Release|Any CPU
		{36302CEF-A1AE-42E6-AE8A-ECE87C0DE506}.Release|Any CPU.Build.0 = Release|Any CPU
		{7E650F8B-B8E4-41DF-A2BA-9E722CEEC4E2}.Debug|Any CPU.ActiveCfg = Debug|Any CPU
		{7E650F8B-B8E4-41DF-A2BA-9E722CEEC4E2}.Debug|Any CPU.Build.0 = Debug|Any CPU
		{7E650F8B-B8E4-41DF-A2BA-9E722CEEC4E2}.Release|Any CPU.ActiveCfg = Release|Any CPU
		{7E650F8B-B8E4-41DF-A2BA-9E722CEEC4E2}.Release|Any CPU.Build.0 = Release|Any CPU
	EndGlobalSection
	GlobalSection(SolutionProperties) = preSolution
		HideSolutionNode = FALSE
	EndGlobalSection
	GlobalSection(ExtensibilityGlobals) = postSolution
		SolutionGuid = {33CFDB35-9B8B-4742-A862-528DCB27F84D}
	EndGlobalSection
EndGlobal
